
Microsoft Visual Studio Solution File, Format Version 12.00
# Visual Studio Version 17
VisualStudioVersion = 17.1.32319.34
MinimumVisualStudioVersion = 10.0.40219.1
Project("{FAE04EC0-301F-11D3-BF4B-00C04F79EFBC}") = "UserControl.WebApi", "UserControl.WebApi\UserControl.WebApi.csproj", "{B73326E6-A527-4992-ADFF-BBC5B9C33903}"
EndProject
Global
	GlobalSection(SolutionConfigurationPlatforms) = preSolution
		Debug|Any CPU = Debug|Any CPU
		Release|Any CPU = Release|Any CPU
	EndGlobalSection
	GlobalSection(ProjectConfigurationPlatforms) = postSolution
		{B73326E6-A527-4992-ADFF-BBC5B9C33903}.Debug|Any CPU.ActiveCfg = Debug|Any CPU
		{B73326E6-A527-4992-ADFF-BBC5B9C33903}.Debug|Any CPU.Build.0 = Debug|Any CPU
		{B73326E6-A527-4992-ADFF-BBC5B9C33903}.Release|Any CPU.ActiveCfg = Release|Any CPU
		{B73326E6-A527-4992-ADFF-BBC5B9C33903}.Release|Any CPU.Build.0 = Release|Any CPU
	EndGlobalSection
	GlobalSection(SolutionProperties) = preSolution
		HideSolutionNode = FALSE
	EndGlobalSection
	GlobalSection(ExtensibilityGlobals) = postSolution
		SolutionGuid = {329293F1-C9C1-4B4C-99B0-9A270B3B037B}
	EndGlobalSection
EndGlobal
